{
  "name": "test-moje",
  "version": "1.0.0",
  "lockfileVersion": 1,
  "requires": true,
  "dependencies": {
    "animate.css": {
      "version": "3.5.2",
      "resolved": "https://registry.npmjs.org/animate.css/-/animate.css-3.5.2.tgz",
      "integrity": "sha1-keZo3AaagI5eSZUUhnuXquAWbDY="
    },
    "bootstrap": {
      "version": "3.3.7",
      "resolved": "https://registry.npmjs.org/bootstrap/-/bootstrap-3.3.7.tgz",
      "integrity": "sha1-WjiTlFSfIzMIdaOxUGVldPip63E="
    },
    "bootstrap-3-typeahead": {
      "version": "4.0.2",
      "resolved": "https://registry.npmjs.org/bootstrap-3-typeahead/-/bootstrap-3-typeahead-4.0.2.tgz",
      "integrity": "sha1-yxyWkESFaGIJb8jHHMIbOsu1BBI="
    },
    "bootstrap-sass": {
      "version": "3.3.7",
      "resolved": "https://registry.npmjs.org/bootstrap-sass/-/bootstrap-sass-3.3.7.tgz",
      "integrity": "sha1-ZZbHq0D2Y3OTMjqwvIDQZPxjBJg="
    },
    "bootstrap-sweetalert": {
      "version": "1.0.1",
      "resolved": "https://registry.npmjs.org/bootstrap-sweetalert/-/bootstrap-sweetalert-1.0.1.tgz",
      "integrity": "sha1-Fk8+YVUmXNOY1oG0cdVq/f3GXy0=",
      "requires": {
        "bootstrap": "3.3.7"
      }
    },
    "bootstrap-validator": {
      "version": "0.11.9",
      "resolved": "https://registry.npmjs.org/bootstrap-validator/-/bootstrap-validator-0.11.9.tgz",
      "integrity": "sha1-+3BY7vU2I+ePWqeWcCb5j4dalAQ="
    },
    "fontawesome": {
      "version": "4.7.2",
      "resolved": "https://registry.npmjs.org/fontawesome/-/fontawesome-4.7.2.tgz",
      "integrity": "sha1-fwxyrHprAp0zdbrLI1Itms/FClI="
    },
    "jquery": {
      "version": "3.2.1",
      "resolved": "https://registry.npmjs.org/jquery/-/jquery-3.2.1.tgz",
      "integrity": "sha1-XE2d5lKvbNCncBVKYxu6ErAVx4c="
    },
    "jquery-ui": {
      "version": "1.12.1",
      "resolved": "https://registry.npmjs.org/jquery-ui/-/jquery-ui-1.12.1.tgz",
      "integrity": "sha1-vLQEXI3QU5wTS8FIjN0+dop6nlE="
    },
    "parsleyjs": {
      "version": "2.8.0",
      "resolved": "https://registry.npmjs.org/parsleyjs/-/parsleyjs-2.8.0.tgz",
      "integrity": "sha1-pVEfw0Z9IrwYolpuLXMESS3WW/0=",
      "requires": {
        "jquery": "3.2.1"
      }
    },
    "simple-line-icons": {
      "version": "2.4.1",
      "resolved": "https://registry.npmjs.org/simple-line-icons/-/simple-line-icons-2.4.1.tgz",
      "integrity": "sha1-t1vFoNh+UwkowszaVzUnS7JW8jQ="
    }
  }
}
